<?xml version="1.0" encoding="utf-8"?>
<Project ToolsVersion="4.0" xmlns="http://schemas.microsoft.com/developer/msbuild/2003">
  <ItemGroup>
    <Filter Include="Source Files">
      <UniqueIdentifier>{5c1f80e9-f5f2-4197-bab5-156bbd0edd27}</UniqueIdentifier>
      <Extensions>cpp;c;cxx;rc;def;r;odl;idl;hpj;bat</Extensions>
    </Filter>
  </ItemGroup>
  <ItemGroup>
    <ClCompile Include="plugin.c">
      <Filter>Source Files</Filter>
    </ClCompile>
    <ClCompile Include="TraCIServer.cpp">
      <Filter>Source Files</Filter>
    </ClCompile>
    <ClCompile Include="shawn\socket.cpp">
      <Filter>Source Files</Filter>
    </ClCompile>
    <ClCompile Include="shawn\storage.cpp">
      <Filter>Source Files</Filter>
    </ClCompile>
  </ItemGroup>
  <ItemGroup>
    <ClInclude Include="TraCIServer.h">
      <Filter>Source Files</Filter>
    </ClInclude>
    <ClInclude Include="shawn\socket.h">
      <Filter>Source Files</Filter>
    </ClInclude>
    <ClInclude Include="shawn\storage.h">
      <Filter>Source Files</Filter>
    </ClInclude>
  </ItemGroup>
</Project>